
Microsoft Visual Studio Solution File, Format Version 12.00
# Visual Studio Version 17
VisualStudioVersion = 17.5.002.0
MinimumVisualStudioVersion = 10.0.40219.1
Project("{9A19103F-16F7-4668-BE54-9A1E7A4F7556}") = "AIUI", "AIUI.csproj", "{F7C5F975-C20E-4D06-B5EC-D86BF53C952B}"
EndProject
Project("{9A19103F-16F7-4668-BE54-9A1E7A4F7556}") = "AIUI (1)", "Modules\AIUI.csproj", "{F2E02195-D85C-47B6-8B96-909808176424}"
EndProject
Project("{2150E333-8FDC-42A3-9474-1A3956D46DE8}") = "Modules", "Modules", "{10D99F48-E64C-4ADE-8249-A7961A88BA63}"
EndProject
Project("{2150E333-8FDC-42A3-9474-1A3956D46DE8}") = "OpenAI", "OpenAI", "{587F7297-8A33-424C-B488-4909D1A7D01B}"
EndProject
Project("{9A19103F-16F7-4668-BE54-9A1E7A4F7556}") = "OpenAI", "Modules\OpenAI\OpenAI\OpenAI.csproj", "{EC2C4DF6-E504-4DE1-89E6-427F734A3342}"
EndProject
Project("{2150E333-8FDC-42A3-9474-1A3956D46DE8}") = "Shared", "Shared", "{9DEFF76E-B3C2-4618-8927-9B1CD6970A47}"
EndProject
Project("{9A19103F-16F7-4668-BE54-9A1E7A4F7556}") = "Shared", "Modules\Shared\Shared\Shared.csproj", "{7ABB29E1-BA09-45E4-80CF-77F9870D551D}"
EndProject
Project("{2150E333-8FDC-42A3-9474-1A3956D46DE8}") = "Speechmatics", "Speechmatics", "{BD63900C-97AF-45F9-B8CC-7A19A4A0ADCB}"
EndProject
Project("{9A19103F-16F7-4668-BE54-9A1E7A4F7556}") = "Speechmatics", "Modules\Speechmatics\Speechmatics\Speechmatics.csproj", "{C6AD9AB8-DDD3-445C-B37F-3A418F748085}"
EndProject
Project("{2150E333-8FDC-42A3-9474-1A3956D46DE8}") = "UI", "UI", "{F6D08E78-3E58-475C-80DD-70CC4B6BE264}"
EndProject
Project("{9A19103F-16F7-4668-BE54-9A1E7A4F7556}") = "UI", "Modules\UI\UI\UI.csproj", "{CF64C36D-4298-4D47-A92E-3A4852B97227}"
EndProject
Global
	GlobalSection(SolutionConfigurationPlatforms) = preSolution
		Debug|Any CPU = Debug|Any CPU
		Release|Any CPU = Release|Any CPU
	EndGlobalSection
	GlobalSection(ProjectConfigurationPlatforms) = postSolution
		{F7C5F975-C20E-4D06-B5EC-D86BF53C952B}.Debug|Any CPU.ActiveCfg = Debug|Any CPU
		{F7C5F975-C20E-4D06-B5EC-D86BF53C952B}.Debug|Any CPU.Build.0 = Debug|Any CPU
		{F7C5F975-C20E-4D06-B5EC-D86BF53C952B}.Release|Any CPU.ActiveCfg = Release|Any CPU
		{F7C5F975-C20E-4D06-B5EC-D86BF53C952B}.Release|Any CPU.Build.0 = Release|Any CPU
		{F2E02195-D85C-47B6-8B96-909808176424}.Debug|Any CPU.ActiveCfg = Debug|Any CPU
		{F2E02195-D85C-47B6-8B96-909808176424}.Debug|Any CPU.Build.0 = Debug|Any CPU
		{F2E02195-D85C-47B6-8B96-909808176424}.Release|Any CPU.ActiveCfg = Release|Any CPU
		{F2E02195-D85C-47B6-8B96-909808176424}.Release|Any CPU.Build.0 = Release|Any CPU
		{EC2C4DF6-E504-4DE1-89E6-427F734A3342}.Debug|Any CPU.ActiveCfg = Debug|Any CPU
		{EC2C4DF6-E504-4DE1-89E6-427F734A3342}.Debug|Any CPU.Build.0 = Debug|Any CPU
		{EC2C4DF6-E504-4DE1-89E6-427F734A3342}.Release|Any CPU.ActiveCfg = Release|Any CPU
		{EC2C4DF6-E504-4DE1-89E6-427F734A3342}.Release|Any CPU.Build.0 = Release|Any CPU
		{7ABB29E1-BA09-45E4-80CF-77F9870D551D}.Debug|Any CPU.ActiveCfg = Debug|Any CPU
		{7ABB29E1-BA09-45E4-80CF-77F9870D551D}.Debug|Any CPU.Build.0 = Debug|Any CPU
		{7ABB29E1-BA09-45E4-80CF-77F9870D551D}.Release|Any CPU.ActiveCfg = Release|Any CPU
		{7ABB29E1-BA09-45E4-80CF-77F9870D551D}.Release|Any CPU.Build.0 = Release|Any CPU
		{C6AD9AB8-DDD3-445C-B37F-3A418F748085}.Debug|Any CPU.ActiveCfg = Debug|Any CPU
		{C6AD9AB8-DDD3-445C-B37F-3A418F748085}.Debug|Any CPU.Build.0 = Debug|Any CPU
		{C6AD9AB8-DDD3-445C-B37F-3A418F748085}.Release|Any CPU.ActiveCfg = Release|Any CPU
		{C6AD9AB8-DDD3-445C-B37F-3A418F748085}.Release|Any CPU.Build.0 = Release|Any CPU
		{CF64C36D-4298-4D47-A92E-3A4852B97227}.Debug|Any CPU.ActiveCfg = Debug|Any CPU
		{CF64C36D-4298-4D47-A92E-3A4852B97227}.Debug|Any CPU.Build.0 = Debug|Any CPU
		{CF64C36D-4298-4D47-A92E-3A4852B97227}.Release|Any CPU.ActiveCfg = Release|Any CPU
		{CF64C36D-4298-4D47-A92E-3A4852B97227}.Release|Any CPU.Build.0 = Release|Any CPU
	EndGlobalSection
	GlobalSection(SolutionProperties) = preSolution
		HideSolutionNode = FALSE
	EndGlobalSection
	GlobalSection(NestedProjects) = preSolution
		{587F7297-8A33-424C-B488-4909D1A7D01B} = {10D99F48-E64C-4ADE-8249-A7961A88BA63}
		{EC2C4DF6-E504-4DE1-89E6-427F734A3342} = {587F7297-8A33-424C-B488-4909D1A7D01B}
		{9DEFF76E-B3C2-4618-8927-9B1CD6970A47} = {10D99F48-E64C-4ADE-8249-A7961A88BA63}
		{7ABB29E1-BA09-45E4-80CF-77F9870D551D} = {9DEFF76E-B3C2-4618-8927-9B1CD6970A47}
		{BD63900C-97AF-45F9-B8CC-7A19A4A0ADCB} = {10D99F48-E64C-4ADE-8249-A7961A88BA63}
		{C6AD9AB8-DDD3-445C-B37F-3A418F748085} = {BD63900C-97AF-45F9-B8CC-7A19A4A0ADCB}
		{F6D08E78-3E58-475C-80DD-70CC4B6BE264} = {10D99F48-E64C-4ADE-8249-A7961A88BA63}
		{CF64C36D-4298-4D47-A92E-3A4852B97227} = {F6D08E78-3E58-475C-80DD-70CC4B6BE264}
	EndGlobalSection
	GlobalSection(ExtensibilityGlobals) = postSolution
		SolutionGuid = {1895E50A-B377-48F0-A08B-A52A00D58982}
	EndGlobalSection
EndGlobal
